{
  "lockfileVersion": 1,
  "configVersion": 1,
  "workspaces": {
    "": {
      "name": "@shiinasaku/github-card",
      "dependencies": {
        "@elysiajs/cors": "^1.4.1",
        "@elysiajs/openapi": "^1.4.14",
        "@elysiajs/server-timing": "^1.4.0",
        "@resvg/resvg-js": "^2.6.2",
        "@upstash/redis": "^1.36.3",
        "elysia": "^1.4.26",
      },
      "devDependencies": {
        "@types/bun": "^1.3.9",
        "oxfmt": "0.39.0",
        "oxlint": "1.54.0",
        "typescript": "5.9.3",
      },
    },
  },
  "packages": {
    "@borewit/text-codec": ["@borewit/text-codec@0.2.1", "", {}, "sha512-k7vvKPbf7J2fZ5klGRD9AeKfUvojuZIQ3BT5u7Jfv+puwXkUBUT5PVyMDfJZpy30CBDXGMgw7fguK/lpOMBvgw=="],

    "@elysiajs/cors": ["@elysiajs/cors@1.4.1", "", { "peerDependencies": { "elysia": ">= 1.4.0" } }, "sha512-lQfad+F3r4mNwsxRKbXyJB8Jg43oAOXjRwn7sKUL6bcOW3KjUqUimTS+woNpO97efpzjtDE0tEjGk9DTw8lqTQ=="],

    "@elysiajs/openapi": ["@elysiajs/openapi@1.4.14", "", { "peerDependencies": { "elysia": ">= 1.4.0" } }, "sha512-kWmJWdvP8/LwHwAJXSpz6xFfYUoyUyEPRimEYABuDU1rOnS27Da1u9T2jyU7frOopxKWV/wDfDxMP8z2xdCPJw=="],

    "@elysiajs/server-timing": ["@elysiajs/server-timing@1.4.0", "", { "peerDependencies": { "elysia": ">= 1.4.0" } }, "sha512-vDFdHyi8Q43vgA5MaTQMA9v4/bgKrtqPrpVqVuHlMCRQgfOpvYGXPj3okSttyendG5r2bRHfyPG11lTWWIrzrQ=="],

    "@oxfmt/binding-android-arm-eabi": ["@oxfmt/binding-android-arm-eabi@0.39.0", "", { "os": "android", "cpu": "arm" }, "sha512-enIyVwjNoZx12pQ91TxrK0ejXDGqLN24uXURU+VQa9alk4+HveHpTLA5lLzsKXf/SpHHYvjQPWyrNi7d00gHBQ=="],

    "@oxfmt/binding-android-arm64": ["@oxfmt/binding-android-arm64@0.39.0", "", { "os": "android", "cpu": "arm64" }, "sha512-kscvXNGZx4kFySqqdnk6f2/REU+GL6QbB8vit5p2MKG4XIndyWQJI0jir15XBkrCotre49LpFMVL0NXcB80ulQ=="],

    "@oxfmt/binding-darwin-arm64": ["@oxfmt/binding-darwin-arm64@0.39.0", "", { "os": "darwin", "cpu": "arm64" }, "sha512-dKT57QEyVcXKVdZSPiAh3zHzzXYHwxWH6kZf/7p3bEZURtL/2XPA/9DKhxaOTM15fzGSqRdArW0JAWZf61Vqlw=="],

    "@oxfmt/binding-darwin-x64": ["@oxfmt/binding-darwin-x64@0.39.0", "", { "os": "darwin", "cpu": "x64" }, "sha512-d4guOmZ1zO1RYLQopjhTNrBwPQiJdHr7r6jmvjODoFEbf1Y8IbIMNr0q3umqIdGMXiHVl53w5Cgg42fUlJeg+A=="],

    "@oxfmt/binding-freebsd-x64": ["@oxfmt/binding-freebsd-x64@0.39.0", "", { "os": "freebsd", "cpu": "x64" }, "sha512-jviIyNMsqSDcZyhvmuOr61t6R1P+IXAooy4rWw9a3cpsCyrvDXVoCta4MXSZyKsIO+DSR07IfgKfMFHKdouPtQ=="],

    "@oxfmt/binding-linux-arm-gnueabihf": ["@oxfmt/binding-linux-arm-gnueabihf@0.39.0", "", { "os": "linux", "cpu": "arm" }, "sha512-Dfl4dobqRQZmOc7fO3MD6/hE0ZMR3winJz8esSzpfFPxtzHX1ANpsTy3vMZZAgsgnLK/RtCOpmzmx+I40PNwXA=="],

    "@oxfmt/binding-linux-arm-musleabihf": ["@oxfmt/binding-linux-arm-musleabihf@0.39.0", "", { "os": "linux", "cpu": "arm" }, "sha512-yBVZL29Q38p+pTzNbPJ7SwX6t5dAve3qaCcn60RqBbfIqfLLXH/lZiBZYRfUPjOXRs4pHUPD+zdWkz1N5LZ6og=="],

    "@oxfmt/binding-linux-arm64-gnu": ["@oxfmt/binding-linux-arm64-gnu@0.39.0", "", { "os": "linux", "cpu": "arm64" }, "sha512-MJviq+mUKAexYHyYxbAvR9CPqb7Xg/GO/cdRNA45ECZkut8+eSRAAXUTZn6q9BMKGiCN53UaDWgfBw0mZwGouA=="],

    "@oxfmt/binding-linux-arm64-musl": ["@oxfmt/binding-linux-arm64-musl@0.39.0", "", { "os": "linux", "cpu": "arm64" }, "sha512-CIX0CGVl0Y+V/8PnFmkbzmDAdK+KA5v4zJSxFF+Ih/mYZBDI0qGY/HUFojiE3ijy+kL0hDDRnnpksadfYmYOEg=="],

    "@oxfmt/binding-linux-ppc64-gnu": ["@oxfmt/binding-linux-ppc64-gnu@0.39.0", "", { "os": "linux", "cpu": "ppc64" }, "sha512-NZnZFF0w/iBQPo6T2wBE0qg80zwyqHCLi24LfIkbC58MdwuK4VxyC1E4n7h2v7hwhZzEA8O+yPlKEY/4rh/bJw=="],

    "@oxfmt/binding-linux-riscv64-gnu": ["@oxfmt/binding-linux-riscv64-gnu@0.39.0", "", { "os": "linux", "cpu": "none" }, "sha512-8ezj6nHipPmHpe9FYN1qBnaBeNu4O3Spy1XjkY84ez9Hkf8v4a2+EWM2CQJ+X+O2rEWa0Urhq0cjTgKj44MnpA=="],

    "@oxfmt/binding-linux-riscv64-musl": ["@oxfmt/binding-linux-riscv64-musl@0.39.0", "", { "os": "linux", "cpu": "none" }, "sha512-+CRT4jICyoa6dVOhePt1JLPtZrUJ3s7wPZa3RQaCyCdcv4K/XeteBJOuvoA04D8xdXC7PFvK6mI0lXIbvwC5uw=="],

    "@oxfmt/binding-linux-s390x-gnu": ["@oxfmt/binding-linux-s390x-gnu@0.39.0", "", { "os": "linux", "cpu": "s390x" }, "sha512-/nbP1kmBKkfyAFpJrGEOtRylUq2hSgg4m7HhyypSMHGBpRbN8jtwKOe1CGjvWwVtU55qr/Q5rhTbvqPyPIy2Zg=="],

    "@oxfmt/binding-linux-x64-gnu": ["@oxfmt/binding-linux-x64-gnu@0.39.0", "", { "os": "linux", "cpu": "x64" }, "sha512-3LBXR4MTvZQF9/ZiRntxwe9IigZ3WLaOvr5OiJt0pSchHy1W57KbKNGDR0opZ+kvNY+LUkh59c6PK/UE2DPZUg=="],

    "@oxfmt/binding-linux-x64-musl": ["@oxfmt/binding-linux-x64-musl@0.39.0", "", { "os": "linux", "cpu": "x64" }, "sha512-c3T2LmlVY+T01HotrrsgiGsz1y4TnYwq32FlrzC4QoBkIxlNmTsUW62sXgtVgAeqsWI6jWGW8BuVuVaivKWTXA=="],

    "@oxfmt/binding-openharmony-arm64": ["@oxfmt/binding-openharmony-arm64@0.39.0", "", { "os": "none", "cpu": "arm64" }, "sha512-82K31n9r5g9i2hwDfcnON9JgsPX/VX6xy1oQOoPFIdnjHio/rVng2O9XThhLaRpZ4O8+112TJ/wyPNTRVRYQ8w=="],

    "@oxfmt/binding-win32-arm64-msvc": ["@oxfmt/binding-win32-arm64-msvc@0.39.0", "", { "os": "win32", "cpu": "arm64" }, "sha512-SoXi6yKkU1Sx4ze106HQLk2cc4b88K7C1U/e+kDLijPi3Nfy8iv8QosKbBTDydjaR2gC9nKCG1HBQBEdmBGamA=="],

    "@oxfmt/binding-win32-ia32-msvc": ["@oxfmt/binding-win32-ia32-msvc@0.39.0", "", { "os": "win32", "cpu": "ia32" }, "sha512-6+j6ratBH2mpeZX9/QrURVoY7HlDwyohFAnHp2OhtbV2SRiDj61jnkjqSfoTGOGcPUAajSVXf+JcXz9/PcuNaQ=="],

    "@oxfmt/binding-win32-x64-msvc": ["@oxfmt/binding-win32-x64-msvc@0.39.0", "", { "os": "win32", "cpu": "x64" }, "sha512-VXoQUsHtTJWm8ThfdvEW6T3jgV4IHsTybXMu8cViNxSGno4kNd3cSFYzKpDvDxJod88RInSE9sD5YEOqur7flA=="],

    "@oxlint/binding-android-arm-eabi": ["@oxlint/binding-android-arm-eabi@1.54.0", "", { "os": "android", "cpu": "arm" }, "sha512-khWlVXUa4CPvp4eXnj7/TUNeyiarwvTEmZggylPIPUCSWgPqUBFGElIBa9xKNCQt4pb+WSGArCNEAy22ekQQxg=="],

    "@oxlint/binding-android-arm64": ["@oxlint/binding-android-arm64@1.54.0", "", { "os": "android", "cpu": "arm64" }, "sha512-p3qEVSDVmyducpI9ORTJNbaMyXfICidDXGaf3WwyDyiXPExyZdfc6UsPepGPxImlfFJs5kxOCPqP4ut12Ed9pg=="],

    "@oxlint/binding-darwin-arm64": ["@oxlint/binding-darwin-arm64@1.54.0", "", { "os": "darwin", "cpu": "arm64" }, "sha512-tUQ+vn/AL2P2Rz6cl3gsFA+4pMBFMRR0e6AVePoezV9iGTSMZUXIf0YWHq203bwNDXcY04vSXDqPB6E1b9WULA=="],

    "@oxlint/binding-darwin-x64": ["@oxlint/binding-darwin-x64@1.54.0", "", { "os": "darwin", "cpu": "x64" }, "sha512-9tzH/OLGZCzVGEXW0D3I0OrQOOWciHYWV9mcxjqqQE6f1DMOXT23mWj5/OQtqhW3E1VfHf0uf2MzMbM2gboPlA=="],

    "@oxlint/binding-freebsd-x64": ["@oxlint/binding-freebsd-x64@1.54.0", "", { "os": "freebsd", "cpu": "x64" }, "sha512-XelGa+x7vC9epF5JzXWHaQtdxqcL5R+H2WcEkr+JDkfmY3dAXVLa+51qW3+MWt7CZanakaOyhraLzdM32pWFfg=="],

    "@oxlint/binding-linux-arm-gnueabihf": ["@oxlint/binding-linux-arm-gnueabihf@1.54.0", "", { "os": "linux", "cpu": "arm" }, "sha512-t5FubAU899vMF+6rBtxDewkwSAeFn8OUCKb/+jJ1XqPU0FTR+RffnTfXafVE8WXw39eN4pzUK3rkxUWlcsFuaw=="],

    "@oxlint/binding-linux-arm-musleabihf": ["@oxlint/binding-linux-arm-musleabihf@1.54.0", "", { "os": "linux", "cpu": "arm" }, "sha512-Du6cwkoMRi9DAgITzQpzS1QaEqE+5BP3Tfgr1yPy3C034n6IHISCwf4KMB+wojg8FE/kYvrJDibT0ENdcR3jUg=="],

    "@oxlint/binding-linux-arm64-gnu": ["@oxlint/binding-linux-arm64-gnu@1.54.0", "", { "os": "linux", "cpu": "arm64" }, "sha512-R4PjJ1lfghsVBuAegW79jkvUWbN8P4F28KaKbM72dW6ZWTYMg6M0pkTilXFZ+q/mb8f0MEyR1rO16useoa6KTA=="],

    "@oxlint/binding-linux-arm64-musl": ["@oxlint/binding-linux-arm64-musl@1.54.0", "", { "os": "linux", "cpu": "arm64" }, "sha512-WBNFe1foIFg6ipgzjzJfDLn7C5nZpLr/UHlnlT7GI3scCD2xpJiJTGMTTpJqA8p0Q1l2NsEnAOj9PtreF0Tkzg=="],

    "@oxlint/binding-linux-ppc64-gnu": ["@oxlint/binding-linux-ppc64-gnu@1.54.0", "", { "os": "linux", "cpu": "ppc64" }, "sha512-M+UAW76rZHHiYKKy4e7Te5MNikANiFhYWl0qYF1MTIhQczYIqWVDQ+SX0SzW8ipOB/oK3+enOvlvJuhMoA968Q=="],

    "@oxlint/binding-linux-riscv64-gnu": ["@oxlint/binding-linux-riscv64-gnu@1.54.0", "", { "os": "linux", "cpu": "none" }, "sha512-sGassljr8TR5F1WCqOaacrp3mYi107MnjkqlSXOMHACps7U2bL4v7M3RY7P7NMcGkNhzRHF3VO5+XyPWhTVM6w=="],

    "@oxlint/binding-linux-riscv64-musl": ["@oxlint/binding-linux-riscv64-musl@1.54.0", "", { "os": "linux", "cpu": "none" }, "sha512-mW5Z6XTO8QWtlUjlf6yjntarjnbrmGVSK/V6XYy2rjH8xUfv9pn9G1vO92DBBBi0eUwnVpcOY3hMkP851WZNWg=="],

    "@oxlint/binding-linux-s390x-gnu": ["@oxlint/binding-linux-s390x-gnu@1.54.0", "", { "os": "linux", "cpu": "s390x" }, "sha512-nfPmEGW9BfWEUD0PVXGaYa2RS4wVblofNih1gsyUoLSWSyliNisIWd7F+QXrDSL5SJ78BPZjDW6FainV8qRiTg=="],

    "@oxlint/binding-linux-x64-gnu": ["@oxlint/binding-linux-x64-gnu@1.54.0", "", { "os": "linux", "cpu": "x64" }, "sha512-gybxMQx4NN1T+pa8TLwgVS4u9H9Hxwm7Sl0qvnQJF2WRhNN1oTOCzkmmCBbW/29DYLeV99WU76zh7srCamK9yw=="],

    "@oxlint/binding-linux-x64-musl": ["@oxlint/binding-linux-x64-musl@1.54.0", "", { "os": "linux", "cpu": "x64" }, "sha512-EAXMh2w3pzSj/aiB67kXzcHIoKxAywC1i1IgxA1sLY7iffEaZowDTOJgirY7WxeR/WiiKwak89gPeh9wUdLnIw=="],

    "@oxlint/binding-openharmony-arm64": ["@oxlint/binding-openharmony-arm64@1.54.0", "", { "os": "none", "cpu": "arm64" }, "sha512-Ih7CfITkbw86+LjgV5gDwNmNQlvz7X+51gdeLLUDwuA/9lojDxCmRQEzeMl44KStQlwzCuNIcgGMae0MllV5ww=="],

    "@oxlint/binding-win32-arm64-msvc": ["@oxlint/binding-win32-arm64-msvc@1.54.0", "", { "os": "win32", "cpu": "arm64" }, "sha512-qGQ8KIEfdgwwJd09Nc0d5hzlHQAM0EMoshMzHG/nNlMAHXrY7RFyat6VbzjflifAFb7LPAw+Yw9AB8cfzR7L8g=="],

    "@oxlint/binding-win32-ia32-msvc": ["@oxlint/binding-win32-ia32-msvc@1.54.0", "", { "os": "win32", "cpu": "ia32" }, "sha512-GXos7N5oZIcIE8hlXgtUkI+y3frIqwiztx9p4+ZrpNgASbnIsxxy8bgLJqXE2SGCAdmtjBO1mdKhGTtVrb1jbg=="],

    "@oxlint/binding-win32-x64-msvc": ["@oxlint/binding-win32-x64-msvc@1.54.0", "", { "os": "win32", "cpu": "x64" }, "sha512-DVxSELcI72lmcODuVpO8uXkwuYPiA0hKMhBwNa8fO4+sIVxFvxugf/z6qrL+4PM8RjGWjdl8O/QqzuRWj9b5bA=="],

    "@resvg/resvg-js": ["@resvg/resvg-js@2.6.2", "", { "optionalDependencies": { "@resvg/resvg-js-android-arm-eabi": "2.6.2", "@resvg/resvg-js-android-arm64": "2.6.2", "@resvg/resvg-js-darwin-arm64": "2.6.2", "@resvg/resvg-js-darwin-x64": "2.6.2", "@resvg/resvg-js-linux-arm-gnueabihf": "2.6.2", "@resvg/resvg-js-linux-arm64-gnu": "2.6.2", "@resvg/resvg-js-linux-arm64-musl": "2.6.2", "@resvg/resvg-js-linux-x64-gnu": "2.6.2", "@resvg/resvg-js-linux-x64-musl": "2.6.2", "@resvg/resvg-js-win32-arm64-msvc": "2.6.2", "@resvg/resvg-js-win32-ia32-msvc": "2.6.2", "@resvg/resvg-js-win32-x64-msvc": "2.6.2" } }, "sha512-xBaJish5OeGmniDj9cW5PRa/PtmuVU3ziqrbr5xJj901ZDN4TosrVaNZpEiLZAxdfnhAe7uQ7QFWfjPe9d9K2Q=="],

    "@resvg/resvg-js-android-arm-eabi": ["@resvg/resvg-js-android-arm-eabi@2.6.2", "", { "os": "android", "cpu": "arm" }, "sha512-FrJibrAk6v29eabIPgcTUMPXiEz8ssrAk7TXxsiZzww9UTQ1Z5KAbFJs+Z0Ez+VZTYgnE5IQJqBcoSiMebtPHA=="],

    "@resvg/resvg-js-android-arm64": ["@resvg/resvg-js-android-arm64@2.6.2", "", { "os": "android", "cpu": "arm64" }, "sha512-VcOKezEhm2VqzXpcIJoITuvUS/fcjIw5NA/w3tjzWyzmvoCdd+QXIqy3FBGulWdClvp4g+IfUemigrkLThSjAQ=="],

    "@resvg/resvg-js-darwin-arm64": ["@resvg/resvg-js-darwin-arm64@2.6.2", "", { "os": "darwin", "cpu": "arm64" }, "sha512-nmok2LnAd6nLUKI16aEB9ydMC6Lidiiq2m1nEBDR1LaaP7FGs4AJ90qDraxX+CWlVuRlvNjyYJTNv8qFjtL9+A=="],

    "@resvg/resvg-js-darwin-x64": ["@resvg/resvg-js-darwin-x64@2.6.2", "", { "os": "darwin", "cpu": "x64" }, "sha512-GInyZLjgWDfsVT6+SHxQVRwNzV0AuA1uqGsOAW+0th56J7Nh6bHHKXHBWzUrihxMetcFDmQMAX1tZ1fZDYSRsw=="],

    "@resvg/resvg-js-linux-arm-gnueabihf": ["@resvg/resvg-js-linux-arm-gnueabihf@2.6.2", "", { "os": "linux", "cpu": "arm" }, "sha512-YIV3u/R9zJbpqTTNwTZM5/ocWetDKGsro0SWp70eGEM9eV2MerWyBRZnQIgzU3YBnSBQ1RcxRZvY/UxwESfZIw=="],

    "@resvg/resvg-js-linux-arm64-gnu": ["@resvg/resvg-js-linux-arm64-gnu@2.6.2", "", { "os": "linux", "cpu": "arm64" }, "sha512-zc2BlJSim7YR4FZDQ8OUoJg5holYzdiYMeobb9pJuGDidGL9KZUv7SbiD4E8oZogtYY42UZEap7dqkkYuA91pg=="],

    "@resvg/resvg-js-linux-arm64-musl": ["@resvg/resvg-js-linux-arm64-musl@2.6.2", "", { "os": "linux", "cpu": "arm64" }, "sha512-3h3dLPWNgSsD4lQBJPb4f+kvdOSJHa5PjTYVsWHxLUzH4IFTJUAnmuWpw4KqyQ3NA5QCyhw4TWgxk3jRkQxEKg=="],

    "@resvg/resvg-js-linux-x64-gnu": ["@resvg/resvg-js-linux-x64-gnu@2.6.2", "", { "os": "linux", "cpu": "x64" }, "sha512-IVUe+ckIerA7xMZ50duAZzwf1U7khQe2E0QpUxu5MBJNao5RqC0zwV/Zm965vw6D3gGFUl7j4m+oJjubBVoftw=="],

    "@resvg/resvg-js-linux-x64-musl": ["@resvg/resvg-js-linux-x64-musl@2.6.2", "", { "os": "linux", "cpu": "x64" }, "sha512-UOf83vqTzoYQO9SZ0fPl2ZIFtNIz/Rr/y+7X8XRX1ZnBYsQ/tTb+cj9TE+KHOdmlTFBxhYzVkP2lRByCzqi4jQ=="],

    "@resvg/resvg-js-win32-arm64-msvc": ["@resvg/resvg-js-win32-arm64-msvc@2.6.2", "", { "os": "win32", "cpu": "arm64" }, "sha512-7C/RSgCa+7vqZ7qAbItfiaAWhyRSoD4l4BQAbVDqRRsRgY+S+hgS3in0Rxr7IorKUpGE69X48q6/nOAuTJQxeQ=="],

    "@resvg/resvg-js-win32-ia32-msvc": ["@resvg/resvg-js-win32-ia32-msvc@2.6.2", "", { "os": "win32", "cpu": "ia32" }, "sha512-har4aPAlvjnLcil40AC77YDIk6loMawuJwFINEM7n0pZviwMkMvjb2W5ZirsNOZY4aDbo5tLx0wNMREp5Brk+w=="],

    "@resvg/resvg-js-win32-x64-msvc": ["@resvg/resvg-js-win32-x64-msvc@2.6.2", "", { "os": "win32", "cpu": "x64" }, "sha512-ZXtYhtUr5SSaBrUDq7DiyjOFJqBVL/dOBN7N/qmi/pO0IgiWW/f/ue3nbvu9joWE5aAKDoIzy/CxsY0suwGosQ=="],

    "@sinclair/typebox": ["@sinclair/typebox@0.34.48", "", {}, "sha512-kKJTNuK3AQOrgjjotVxMrCn1sUJwM76wMszfq1kdU4uYVJjvEWuFQ6HgvLt4Xz3fSmZlTOxJ/Ie13KnIcWQXFA=="],

    "@tokenizer/inflate": ["@tokenizer/inflate@0.4.1", "", { "dependencies": { "debug": "^4.4.3", "token-types": "^6.1.1" } }, "sha512-2mAv+8pkG6GIZiF1kNg1jAjh27IDxEPKwdGul3snfztFerfPGI1LjDezZp3i7BElXompqEtPmoPx6c2wgtWsOA=="],

    "@tokenizer/token": ["@tokenizer/token@0.3.0", "", {}, "sha512-OvjF+z51L3ov0OyAU0duzsYuvO01PH7x4t6DJx+guahgTnBHkhJdG7soQeTSFLWN3efnHyibZ4Z8l2EuWwJN3A=="],

    "@types/bun": ["@types/bun@1.3.10", "", { "dependencies": { "bun-types": "1.3.10" } }, "sha512-0+rlrUrOrTSskibryHbvQkDOWRJwJZqZlxrUs1u4oOoTln8+WIXBPmAuCF35SWB2z4Zl3E84Nl/D0P7803nigQ=="],

    "@types/node": ["@types/node@25.3.5", "", { "dependencies": { "undici-types": "~7.18.0" } }, "sha512-oX8xrhvpiyRCQkG1MFchB09f+cXftgIXb3a7UUa4Y3wpmZPw5tyZGTLWhlESOLq1Rq6oDlc8npVU2/9xiCuXMA=="],

    "@upstash/redis": ["@upstash/redis@1.36.3", "", { "dependencies": { "uncrypto": "^0.1.3" } }, "sha512-wxo1ei4OHDHm4UGMgrNVz9QUEela9N/Iwi4p1JlHNSowQiPi+eljlGnfbZVkV0V4PIrjGtGFJt5GjWM5k28enA=="],

    "bun-types": ["bun-types@1.3.10", "", { "dependencies": { "@types/node": "*" } }, "sha512-tcpfCCl6XWo6nCVnpcVrxQ+9AYN1iqMIzgrSKYMB/fjLtV2eyAVEg7AxQJuCq/26R6HpKWykQXuSOq/21RYcbg=="],

    "cookie": ["cookie@1.1.1", "", {}, "sha512-ei8Aos7ja0weRpFzJnEA9UHJ/7XQmqglbRwnf2ATjcB9Wq874VKH9kfjjirM6UhU2/E5fFYadylyhFldcqSidQ=="],

    "debug": ["debug@4.4.3", "", { "dependencies": { "ms": "^2.1.3" } }, "sha512-RGwwWnwQvkVfavKVt22FGLw+xYSdzARwm0ru6DhTVA3umU5hZc28V3kO4stgYryrTlLpuvgI9GiijltAjNbcqA=="],

    "elysia": ["elysia@1.4.27", "", { "dependencies": { "cookie": "^1.1.1", "exact-mirror": "^0.2.7", "fast-decode-uri-component": "^1.0.1", "memoirist": "^0.4.0" }, "peerDependencies": { "@sinclair/typebox": ">= 0.34.0 < 1", "@types/bun": ">= 1.2.0", "file-type": ">= 20.0.0", "openapi-types": ">= 12.0.0", "typescript": ">= 5.0.0" }, "optionalPeers": ["@types/bun", "typescript"] }, "sha512-2UlmNEjPJVA/WZVPYKy+KdsrfFwwNlqSBW1lHz6i2AHc75k7gV4Rhm01kFeotH7PDiHIX2G8X3KnRPc33SGVIg=="],

    "exact-mirror": ["exact-mirror@0.2.7", "", { "peerDependencies": { "@sinclair/typebox": "^0.34.15" }, "optionalPeers": ["@sinclair/typebox"] }, "sha512-+MeEmDcLA4o/vjK2zujgk+1VTxPR4hdp23qLqkWfStbECtAq9gmsvQa3LW6z/0GXZyHJobrCnmy1cdeE7BjsYg=="],

    "fast-decode-uri-component": ["fast-decode-uri-component@1.0.1", "", {}, "sha512-WKgKWg5eUxvRZGwW8FvfbaH7AXSh2cL+3j5fMGzUMCxWBJ3dV3a7Wz8y2f/uQ0e3B6WmodD3oS54jTQ9HVTIIg=="],

    "file-type": ["file-type@21.3.0", "", { "dependencies": { "@tokenizer/inflate": "^0.4.1", "strtok3": "^10.3.4", "token-types": "^6.1.1", "uint8array-extras": "^1.4.0" } }, "sha512-8kPJMIGz1Yt/aPEwOsrR97ZyZaD1Iqm8PClb1nYFclUCkBi0Ma5IsYNQzvSFS9ib51lWyIw5mIT9rWzI/xjpzA=="],

    "ieee754": ["ieee754@1.2.1", "", {}, "sha512-dcyqhDvX1C46lXZcVqCpK+FtMRQVdIMN6/Df5js2zouUsqG7I6sFxitIC+7KYK29KdXOLHdu9zL4sFnoVQnqaA=="],

    "memoirist": ["memoirist@0.4.0", "", {}, "sha512-zxTgA0mSYELa66DimuNQDvyLq36AwDlTuVRbnQtB+VuTcKWm5Qc4z3WkSpgsFWHNhexqkIooqpv4hdcqrX5Nmg=="],

    "ms": ["ms@2.1.3", "", {}, "sha512-6FlzubTLZG3J2a/NVCAleEhjzq5oxgHyaCU9yYXvcLsvoVaHJq/s5xXI6/XXP6tz7R9xAOtHnSO/tXtF3WRTlA=="],

    "openapi-types": ["openapi-types@12.1.3", "", {}, "sha512-N4YtSYJqghVu4iek2ZUvcN/0aqH1kRDuNqzcycDxhOUpg7GdvLa2F3DgS6yBNhInhv2r/6I0Flkn7CqL8+nIcw=="],

    "oxfmt": ["oxfmt@0.39.0", "", { "dependencies": { "tinypool": "2.1.0" }, "optionalDependencies": { "@oxfmt/binding-android-arm-eabi": "0.39.0", "@oxfmt/binding-android-arm64": "0.39.0", "@oxfmt/binding-darwin-arm64": "0.39.0", "@oxfmt/binding-darwin-x64": "0.39.0", "@oxfmt/binding-freebsd-x64": "0.39.0", "@oxfmt/binding-linux-arm-gnueabihf": "0.39.0", "@oxfmt/binding-linux-arm-musleabihf": "0.39.0", "@oxfmt/binding-linux-arm64-gnu": "0.39.0", "@oxfmt/binding-linux-arm64-musl": "0.39.0", "@oxfmt/binding-linux-ppc64-gnu": "0.39.0", "@oxfmt/binding-linux-riscv64-gnu": "0.39.0", "@oxfmt/binding-linux-riscv64-musl": "0.39.0", "@oxfmt/binding-linux-s390x-gnu": "0.39.0", "@oxfmt/binding-linux-x64-gnu": "0.39.0", "@oxfmt/binding-linux-x64-musl": "0.39.0", "@oxfmt/binding-openharmony-arm64": "0.39.0", "@oxfmt/binding-win32-arm64-msvc": "0.39.0", "@oxfmt/binding-win32-ia32-msvc": "0.39.0", "@oxfmt/binding-win32-x64-msvc": "0.39.0" }, "bin": { "oxfmt": "bin/oxfmt" } }, "sha512-OwfwFtNb0ImDUPTKiy4ew/t7WXjAqH11CsXmpXe3nxWX5/4WntswrpC8DYsFfHt6jVvyQHXTYUOudT1ayB/cPw=="],

    "oxlint": ["oxlint@1.54.0", "", { "optionalDependencies": { "@oxlint/binding-android-arm-eabi": "1.54.0", "@oxlint/binding-android-arm64": "1.54.0", "@oxlint/binding-darwin-arm64": "1.54.0", "@oxlint/binding-darwin-x64": "1.54.0", "@oxlint/binding-freebsd-x64": "1.54.0", "@oxlint/binding-linux-arm-gnueabihf": "1.54.0", "@oxlint/binding-linux-arm-musleabihf": "1.54.0", "@oxlint/binding-linux-arm64-gnu": "1.54.0", "@oxlint/binding-linux-arm64-musl": "1.54.0", "@oxlint/binding-linux-ppc64-gnu": "1.54.0", "@oxlint/binding-linux-riscv64-gnu": "1.54.0", "@oxlint/binding-linux-riscv64-musl": "1.54.0", "@oxlint/binding-linux-s390x-gnu": "1.54.0", "@oxlint/binding-linux-x64-gnu": "1.54.0", "@oxlint/binding-linux-x64-musl": "1.54.0", "@oxlint/binding-openharmony-arm64": "1.54.0", "@oxlint/binding-win32-arm64-msvc": "1.54.0", "@oxlint/binding-win32-ia32-msvc": "1.54.0", "@oxlint/binding-win32-x64-msvc": "1.54.0" }, "peerDependencies": { "oxlint-tsgolint": ">=0.15.0" }, "optionalPeers": ["oxlint-tsgolint"], "bin": { "oxlint": "bin/oxlint" } }, "sha512-ObSjVwf0ZYA5U5Cmelj0PsCuqCJXsm2TxZ40tgUSAY7Wu0lKAsNjor6cgXHXSys8jOwv1ICjtzouoWHdKGHbZg=="],

    "strtok3": ["strtok3@10.3.4", "", { "dependencies": { "@tokenizer/token": "^0.3.0" } }, "sha512-KIy5nylvC5le1OdaaoCJ07L+8iQzJHGH6pWDuzS+d07Cu7n1MZ2x26P8ZKIWfbK02+XIL8Mp4RkWeqdUCrDMfg=="],

    "tinypool": ["tinypool@2.1.0", "", {}, "sha512-Pugqs6M0m7Lv1I7FtxN4aoyToKg1C4tu+/381vH35y8oENM/Ai7f7C4StcoK4/+BSw9ebcS8jRiVrORFKCALLw=="],

    "token-types": ["token-types@6.1.2", "", { "dependencies": { "@borewit/text-codec": "^0.2.1", "@tokenizer/token": "^0.3.0", "ieee754": "^1.2.1" } }, "sha512-dRXchy+C0IgK8WPC6xvCHFRIWYUbqqdEIKPaKo/AcTUNzwLTK6AH7RjdLWsEZcAN/TBdtfUw3PYEgPr5VPr6ww=="],

    "typescript": ["typescript@5.9.3", "", { "bin": { "tsc": "bin/tsc", "tsserver": "bin/tsserver" } }, "sha512-jl1vZzPDinLr9eUt3J/t7V6FgNEw9QjvBPdysz9KfQDD41fQrC2Y4vKQdiaUpFT4bXlb1RHhLpp8wtm6M5TgSw=="],

    "uint8array-extras": ["uint8array-extras@1.5.0", "", {}, "sha512-rvKSBiC5zqCCiDZ9kAOszZcDvdAHwwIKJG33Ykj43OKcWsnmcBRL09YTU4nOeHZ8Y2a7l1MgTd08SBe9A8Qj6A=="],

    "uncrypto": ["uncrypto@0.1.3", "", {}, "sha512-Ql87qFHB3s/De2ClA9e0gsnS6zXG27SkTiSJwjCc9MebbfapQfuPzumMIUMi38ezPZVNFcHI9sUIepeQfw8J8Q=="],

    "undici-types": ["undici-types@7.18.2", "", {}, "sha512-AsuCzffGHJybSaRrmr5eHr81mwJU3kjw6M+uprWvCXiNeN9SOGwQ3Jn8jb8m3Z6izVgknn1R0FTCEAP2QrLY/w=="],
  }
}
